
Microsoft Visual Studio Solution File, Format Version 12.00
# Visual Studio Version 17
VisualStudioVersion = 17.12.35527.113
MinimumVisualStudioVersion = 10.0.40219.1
Project("{FAE04EC0-301F-11D3-BF4B-00C04F79EFBC}") = "Flyby11", "FlybyScript\Flyby11.csproj", "{503AF34B-7544-4C43-A099-2B948C3FF49A}"
EndProject
Global
	GlobalSection(SolutionConfigurationPlatforms) = preSolution
		Debug|Any CPU = Debug|Any CPU
		Release|Any CPU = Release|Any CPU
	EndGlobalSection
	GlobalSection(ProjectConfigurationPlatforms) = postSolution
		{503AF34B-7544-4C43-A099-2B948C3FF49A}.Debug|Any CPU.ActiveCfg = Debug|Any CPU
		{503AF34B-7544-4C43-A099-2B948C3FF49A}.Debug|Any CPU.Build.0 = Debug|Any CPU
		{503AF34B-7544-4C43-A099-2B948C3FF49A}.Release|Any CPU.ActiveCfg = Release|Any CPU
		{503AF34B-7544-4C43-A099-2B948C3FF49A}.Release|Any CPU.Build.0 = Release|Any CPU
	EndGlobalSection
	GlobalSection(SolutionProperties) = preSolution
		HideSolutionNode = FALSE
	EndGlobalSection
EndGlobal
